
Microsoft Visual Studio Solution File, Format Version 12.00
# Visual Studio Version 17
VisualStudioVersion = 17.5.33627.172
MinimumVisualStudioVersion = 10.0.40219.1
Project("{FAE04EC0-301F-11D3-BF4B-00C04F79EFBC}") = "DownloadAccelerator", "DownloadAccelerator\DownloadAccelerator.csproj", "{9038FF69-922D-4482-A885-0A5A73C1C567}"
EndProject
Global
	GlobalSection(SolutionConfigurationPlatforms) = preSolution
		Debug|Any CPU = Debug|Any CPU
		Release|Any CPU = Release|Any CPU
	EndGlobalSection
	GlobalSection(ProjectConfigurationPlatforms) = postSolution
		{9038FF69-922D-4482-A885-0A5A73C1C567}.Debug|Any CPU.ActiveCfg = Debug|Any CPU
		{9038FF69-922D-4482-A885-0A5A73C1C567}.Debug|Any CPU.Build.0 = Debug|Any CPU
		{9038FF69-922D-4482-A885-0A5A73C1C567}.Release|Any CPU.ActiveCfg = Release|Any CPU
		{9038FF69-922D-4482-A885-0A5A73C1C567}.Release|Any CPU.Build.0 = Release|Any CPU
	EndGlobalSection
	GlobalSection(SolutionProperties) = preSolution
		HideSolutionNode = FALSE
	EndGlobalSection
	GlobalSection(ExtensibilityGlobals) = postSolution
		SolutionGuid = {7565AD5B-D7C5-428D-814A-B6362C775814}
	EndGlobalSection
EndGlobal
